
Microsoft Visual Studio Solution File, Format Version 12.00
# Visual Studio Version 16
VisualStudioVersion = 16.0.31410.357
MinimumVisualStudioVersion = 10.0.40219.1
Project("{FAE04EC0-301F-11D3-BF4B-00C04F79EFBC}") = "MVC01", "MVC01\MVC01.csproj", "{6C19BAED-2AFE-40A0-BC8A-3AE91E8C97F5}"
EndProject
Project("{FAE04EC0-301F-11D3-BF4B-00C04F79EFBC}") = "MVC02", "MVC02\MVC02.csproj", "{BDEE49F4-D7F5-4D83-A35E-65A4DA302017}"
EndProject
Project("{FAE04EC0-301F-11D3-BF4B-00C04F79EFBC}") = "MVC03", "MVC03\MVC03.csproj", "{5E244F57-09B5-4DAD-A262-5E442C0AC9CA}"
EndProject
Project("{FAE04EC0-301F-11D3-BF4B-00C04F79EFBC}") = "GeneralClassLibrary47Framework", "GeneralClassLibrary47Framework\GeneralClassLibrary47Framework.csproj", "{B8295BE9-EE30-4C0E-9449-D82C3B6BBF69}"
EndProject
Project("{FAE04EC0-301F-11D3-BF4B-00C04F79EFBC}") = "MVC04", "MVC04\MVC04.csproj", "{969A1E44-2FD4-476B-9B64-9014E78E9DA8}"
EndProject
Project("{FAE04EC0-301F-11D3-BF4B-00C04F79EFBC}") = "MVC05", "MVC05\MVC05.csproj", "{4FDC4580-1795-4151-ACAE-AB4F37062F27}"
EndProject
Project("{FAE04EC0-301F-11D3-BF4B-00C04F79EFBC}") = "MVC06", "MVC06\MVC06.csproj", "{FB4A463C-1B46-4BE6-9784-BDAA39A11D88}"
EndProject
Project("{FAE04EC0-301F-11D3-BF4B-00C04F79EFBC}") = "MVC07", "MVC07\MVC07.csproj", "{D3D30D47-DEF3-4F19-AC1C-227C3B1735B4}"
EndProject
Project("{FAE04EC0-301F-11D3-BF4B-00C04F79EFBC}") = "MVC08", "MVC08\MVC08.csproj", "{20B02C3B-A6D3-423A-9A39-0B09440A7378}"
EndProject
Project("{FAE04EC0-301F-11D3-BF4B-00C04F79EFBC}") = "MVC09", "MVC09\MVC09.csproj", "{7020651E-50FE-4C52-9777-E3E96ED8A6C5}"
EndProject
Project("{FAE04EC0-301F-11D3-BF4B-00C04F79EFBC}") = "MVC10", "MVC10\MVC10.csproj", "{2686CFAC-F308-40DA-92DC-E0E5497DDA22}"
EndProject
Global
	GlobalSection(SolutionConfigurationPlatforms) = preSolution
		Debug|Any CPU = Debug|Any CPU
		Release|Any CPU = Release|Any CPU
	EndGlobalSection
	GlobalSection(ProjectConfigurationPlatforms) = postSolution
		{6C19BAED-2AFE-40A0-BC8A-3AE91E8C97F5}.Debug|Any CPU.ActiveCfg = Debug|Any CPU
		{6C19BAED-2AFE-40A0-BC8A-3AE91E8C97F5}.Debug|Any CPU.Build.0 = Debug|Any CPU
		{6C19BAED-2AFE-40A0-BC8A-3AE91E8C97F5}.Release|Any CPU.ActiveCfg = Release|Any CPU
		{6C19BAED-2AFE-40A0-BC8A-3AE91E8C97F5}.Release|Any CPU.Build.0 = Release|Any CPU
		{BDEE49F4-D7F5-4D83-A35E-65A4DA302017}.Debug|Any CPU.ActiveCfg = Debug|Any CPU
		{BDEE49F4-D7F5-4D83-A35E-65A4DA302017}.Debug|Any CPU.Build.0 = Debug|Any CPU
		{BDEE49F4-D7F5-4D83-A35E-65A4DA302017}.Release|Any CPU.ActiveCfg = Release|Any CPU
		{BDEE49F4-D7F5-4D83-A35E-65A4DA302017}.Release|Any CPU.Build.0 = Release|Any CPU
		{5E244F57-09B5-4DAD-A262-5E442C0AC9CA}.Debug|Any CPU.ActiveCfg = Debug|Any CPU
		{5E244F57-09B5-4DAD-A262-5E442C0AC9CA}.Debug|Any CPU.Build.0 = Debug|Any CPU
		{5E244F57-09B5-4DAD-A262-5E442C0AC9CA}.Release|Any CPU.ActiveCfg = Release|Any CPU
		{5E244F57-09B5-4DAD-A262-5E442C0AC9CA}.Release|Any CPU.Build.0 = Release|Any CPU
		{B8295BE9-EE30-4C0E-9449-D82C3B6BBF69}.Debug|Any CPU.ActiveCfg = Debug|Any CPU
		{B8295BE9-EE30-4C0E-9449-D82C3B6BBF69}.Debug|Any CPU.Build.0 = Debug|Any CPU
		{B8295BE9-EE30-4C0E-9449-D82C3B6BBF69}.Release|Any CPU.ActiveCfg = Release|Any CPU
		{B8295BE9-EE30-4C0E-9449-D82C3B6BBF69}.Release|Any CPU.Build.0 = Release|Any CPU
		{969A1E44-2FD4-476B-9B64-9014E78E9DA8}.Debug|Any CPU.ActiveCfg = Debug|Any CPU
		{969A1E44-2FD4-476B-9B64-9014E78E9DA8}.Debug|Any CPU.Build.0 = Debug|Any CPU
		{969A1E44-2FD4-476B-9B64-9014E78E9DA8}.Release|Any CPU.ActiveCfg = Release|Any CPU
		{969A1E44-2FD4-476B-9B64-9014E78E9DA8}.Release|Any CPU.Build.0 = Release|Any CPU
		{4FDC4580-1795-4151-ACAE-AB4F37062F27}.Debug|Any CPU.ActiveCfg = Debug|Any CPU
		{4FDC4580-1795-4151-ACAE-AB4F37062F27}.Debug|Any CPU.Build.0 = Debug|Any CPU
		{4FDC4580-1795-4151-ACAE-AB4F37062F27}.Release|Any CPU.ActiveCfg = Release|Any CPU
		{4FDC4580-1795-4151-ACAE-AB4F37062F27}.Release|Any CPU.Build.0 = Release|Any CPU
		{FB4A463C-1B46-4BE6-9784-BDAA39A11D88}.Debug|Any CPU.ActiveCfg = Debug|Any CPU
		{FB4A463C-1B46-4BE6-9784-BDAA39A11D88}.Debug|Any CPU.Build.0 = Debug|Any CPU
		{FB4A463C-1B46-4BE6-9784-BDAA39A11D88}.Release|Any CPU.ActiveCfg = Release|Any CPU
		{FB4A463C-1B46-4BE6-9784-BDAA39A11D88}.Release|Any CPU.Build.0 = Release|Any CPU
		{D3D30D47-DEF3-4F19-AC1C-227C3B1735B4}.Debug|Any CPU.ActiveCfg = Debug|Any CPU
		{D3D30D47-DEF3-4F19-AC1C-227C3B1735B4}.Debug|Any CPU.Build.0 = Debug|Any CPU
		{D3D30D47-DEF3-4F19-AC1C-227C3B1735B4}.Release|Any CPU.ActiveCfg = Release|Any CPU
		{D3D30D47-DEF3-4F19-AC1C-227C3B1735B4}.Release|Any CPU.Build.0 = Release|Any CPU
		{20B02C3B-A6D3-423A-9A39-0B09440A7378}.Debug|Any CPU.ActiveCfg = Debug|Any CPU
		{20B02C3B-A6D3-423A-9A39-0B09440A7378}.Debug|Any CPU.Build.0 = Debug|Any CPU
		{20B02C3B-A6D3-423A-9A39-0B09440A7378}.Release|Any CPU.ActiveCfg = Release|Any CPU
		{20B02C3B-A6D3-423A-9A39-0B09440A7378}.Release|Any CPU.Build.0 = Release|Any CPU
		{7020651E-50FE-4C52-9777-E3E96ED8A6C5}.Debug|Any CPU.ActiveCfg = Debug|Any CPU
		{7020651E-50FE-4C52-9777-E3E96ED8A6C5}.Debug|Any CPU.Build.0 = Debug|Any CPU
		{7020651E-50FE-4C52-9777-E3E96ED8A6C5}.Release|Any CPU.ActiveCfg = Release|Any CPU
		{7020651E-50FE-4C52-9777-E3E96ED8A6C5}.Release|Any CPU.Build.0 = Release|Any CPU
		{2686CFAC-F308-40DA-92DC-E0E5497DDA22}.Debug|Any CPU.ActiveCfg = Debug|Any CPU
		{2686CFAC-F308-40DA-92DC-E0E5497DDA22}.Debug|Any CPU.Build.0 = Debug|Any CPU
		{2686CFAC-F308-40DA-92DC-E0E5497DDA22}.Release|Any CPU.ActiveCfg = Release|Any CPU
		{2686CFAC-F308-40DA-92DC-E0E5497DDA22}.Release|Any CPU.Build.0 = Release|Any CPU
	EndGlobalSection
	GlobalSection(SolutionProperties) = preSolution
		HideSolutionNode = FALSE
	EndGlobalSection
	GlobalSection(ExtensibilityGlobals) = postSolution
		SolutionGuid = {0D3C0E50-49E5-4FA3-9F24-80A0755D78C6}
	EndGlobalSection
EndGlobal
